
Microsoft Visual Studio Solution File, Format Version 12.00
# Visual Studio Version 17
VisualStudioVersion = 17.3.32929.385
MinimumVisualStudioVersion = 10.0.40219.1
Project("{FAE04EC0-301F-11D3-BF4B-00C04F79EFBC}") = "Temporizador", "Temporizador\Temporizador.csproj", "{01A4AFA5-C59E-4FC5-B936-47FF1F660224}"
EndProject
Global
	GlobalSection(SolutionConfigurationPlatforms) = preSolution
		Debug|Any CPU = Debug|Any CPU
		Release|Any CPU = Release|Any CPU
	EndGlobalSection
	GlobalSection(ProjectConfigurationPlatforms) = postSolution
		{01A4AFA5-C59E-4FC5-B936-47FF1F660224}.Debug|Any CPU.ActiveCfg = Debug|Any CPU
		{01A4AFA5-C59E-4FC5-B936-47FF1F660224}.Debug|Any CPU.Build.0 = Debug|Any CPU
		{01A4AFA5-C59E-4FC5-B936-47FF1F660224}.Release|Any CPU.ActiveCfg = Release|Any CPU
		{01A4AFA5-C59E-4FC5-B936-47FF1F660224}.Release|Any CPU.Build.0 = Release|Any CPU
	EndGlobalSection
	GlobalSection(SolutionProperties) = preSolution
		HideSolutionNode = FALSE
	EndGlobalSection
	GlobalSection(ExtensibilityGlobals) = postSolution
		SolutionGuid = {EF1614F3-F258-49F9-83E8-73E816C7569B}
	EndGlobalSection
EndGlobal
